
Microsoft Visual Studio Solution File, Format Version 12.00
# Visual Studio Version 17
VisualStudioVersion = 17.3.32819.101
MinimumVisualStudioVersion = 10.0.40219.1
Project("{FAE04EC0-301F-11D3-BF4B-00C04F79EFBC}") = "Alimentos", "Alimentos\Alimentos.csproj", "{15905A89-AFEE-41CA-82D0-FFD08C8D69FF}"
EndProject
Global
	GlobalSection(SolutionConfigurationPlatforms) = preSolution
		Debug|Any CPU = Debug|Any CPU
		Release|Any CPU = Release|Any CPU
	EndGlobalSection
	GlobalSection(ProjectConfigurationPlatforms) = postSolution
		{15905A89-AFEE-41CA-82D0-FFD08C8D69FF}.Debug|Any CPU.ActiveCfg = Debug|Any CPU
		{15905A89-AFEE-41CA-82D0-FFD08C8D69FF}.Debug|Any CPU.Build.0 = Debug|Any CPU
		{15905A89-AFEE-41CA-82D0-FFD08C8D69FF}.Release|Any CPU.ActiveCfg = Release|Any CPU
		{15905A89-AFEE-41CA-82D0-FFD08C8D69FF}.Release|Any CPU.Build.0 = Release|Any CPU
	EndGlobalSection
	GlobalSection(SolutionProperties) = preSolution
		HideSolutionNode = FALSE
	EndGlobalSection
	GlobalSection(ExtensibilityGlobals) = postSolution
		SolutionGuid = {D956BA69-5313-4FFF-A016-99AC8261ACFE}
	EndGlobalSection
EndGlobal
